
Microsoft Visual Studio Solution File, Format Version 12.00
# Visual Studio Version 16
VisualStudioVersion = 16.0.31515.178
MinimumVisualStudioVersion = 10.0.40219.1
Project("{FAE04EC0-301F-11D3-BF4B-00C04F79EFBC}") = "CustomerCareAPI", "CustomerCareAPI\CustomerCareAPI.csproj", "{835D1B74-B127-4595-8033-B3B427D13F2A}"
EndProject
Global
	GlobalSection(SolutionConfigurationPlatforms) = preSolution
		Debug|Any CPU = Debug|Any CPU
		Release|Any CPU = Release|Any CPU
	EndGlobalSection
	GlobalSection(ProjectConfigurationPlatforms) = postSolution
		{835D1B74-B127-4595-8033-B3B427D13F2A}.Debug|Any CPU.ActiveCfg = Debug|Any CPU
		{835D1B74-B127-4595-8033-B3B427D13F2A}.Debug|Any CPU.Build.0 = Debug|Any CPU
		{835D1B74-B127-4595-8033-B3B427D13F2A}.Release|Any CPU.ActiveCfg = Release|Any CPU
		{835D1B74-B127-4595-8033-B3B427D13F2A}.Release|Any CPU.Build.0 = Release|Any CPU
	EndGlobalSection
	GlobalSection(SolutionProperties) = preSolution
		HideSolutionNode = FALSE
	EndGlobalSection
	GlobalSection(ExtensibilityGlobals) = postSolution
		SolutionGuid = {FFCFC19B-5608-4AB2-BDED-519DFB9E391E}
	EndGlobalSection
EndGlobal
